
Microsoft Visual Studio Solution File, Format Version 12.00
# Visual Studio Version 17
VisualStudioVersion = 17.8.34322.80
MinimumVisualStudioVersion = 10.0.40219.1
Project("{8BC9CEB8-8B4A-11D0-8D11-00A0C91BC942}") = "Project2", "Project2\Project2.vcxproj", "{A61743EA-2DDC-434E-B803-C3BB32DC4E5F}"
EndProject
Global
	GlobalSection(SolutionConfigurationPlatforms) = preSolution
		Debug|x64 = Debug|x64
		Debug|x86 = Debug|x86
		Release|x64 = Release|x64
		Release|x86 = Release|x86
	EndGlobalSection
	GlobalSection(ProjectConfigurationPlatforms) = postSolution
		{A61743EA-2DDC-434E-B803-C3BB32DC4E5F}.Debug|x64.ActiveCfg = Debug|x64
		{A61743EA-2DDC-434E-B803-C3BB32DC4E5F}.Debug|x64.Build.0 = Debug|x64
		{A61743EA-2DDC-434E-B803-C3BB32DC4E5F}.Debug|x86.ActiveCfg = Debug|Win32
		{A61743EA-2DDC-434E-B803-C3BB32DC4E5F}.Debug|x86.Build.0 = Debug|Win32
		{A61743EA-2DDC-434E-B803-C3BB32DC4E5F}.Release|x64.ActiveCfg = Release|x64
		{A61743EA-2DDC-434E-B803-C3BB32DC4E5F}.Release|x64.Build.0 = Release|x64
		{A61743EA-2DDC-434E-B803-C3BB32DC4E5F}.Release|x86.ActiveCfg = Release|Win32
		{A61743EA-2DDC-434E-B803-C3BB32DC4E5F}.Release|x86.Build.0 = Release|Win32
	EndGlobalSection
	GlobalSection(SolutionProperties) = preSolution
		HideSolutionNode = FALSE
	EndGlobalSection
	GlobalSection(ExtensibilityGlobals) = postSolution
		SolutionGuid = {E9E1538E-80A4-48F8-B951-3E5DAAF3BDD3}
	EndGlobalSection
EndGlobal
